// !$*UTF8*$!
{
	archiveVersion = 1;
	classes = {
	};
	objectVersion = 70;
	objects = {

/* Begin PBXBuildFile section */
		221650A02C53D6600080CB39 /* Supabase in Frameworks */ = {isa = PBXBuildFile; productRef = 2216509F2C53D6600080CB39 /* Supabase */; };
		2288136B2C529B1200E75EAF /* SotoDynamoDB in Frameworks */ = {isa = PBXBuildFile; productRef = 2288136A2C529B1200E75EAF /* SotoDynamoDB */; };
/* End PBXBuildFile section */

/* Begin PBXContainerItemProxy section */
		22E53A382C4A7D7900C33A6D /* PBXContainerItemProxy */ = {
			isa = PBXContainerItemProxy;
			containerPortal = 22E53A1B2C4A7D7800C33A6D /* Project object */;
			proxyType = 1;
			remoteGlobalIDString = 22E53A222C4A7D7800C33A6D;
			remoteInfo = "Audible City";
		};
		22E53A422C4A7D7900C33A6D /* PBXContainerItemProxy */ = {
			isa = PBXContainerItemProxy;
			containerPortal = 22E53A1B2C4A7D7800C33A6D /* Project object */;
			proxyType = 1;
			remoteGlobalIDString = 22E53A222C4A7D7800C33A6D;
			remoteInfo = "Audible City";
		};
/* End PBXContainerItemProxy section */

/* Begin PBXFileReference section */
		22E53A232C4A7D7800C33A6D /* Audible City.app */ = {isa = PBXFileReference; explicitFileType = wrapper.application; includeInIndex = 0; path = "Audible City.app"; sourceTree = BUILT_PRODUCTS_DIR; };
		22E53A372C4A7D7900C33A6D /* Audible CityTests.xctest */ = {isa = PBXFileReference; explicitFileType = wrapper.cfbundle; includeInIndex = 0; path = "Audible CityTests.xctest"; sourceTree = BUILT_PRODUCTS_DIR; };
		22E53A412C4A7D7900C33A6D /* Audible CityUITests.xctest */ = {isa = PBXFileReference; explicitFileType = wrapper.cfbundle; includeInIndex = 0; path = "Audible CityUITests.xctest"; sourceTree = BUILT_PRODUCTS_DIR; };
/* End PBXFileReference section */

/* Begin PBXFileSystemSynchronizedBuildFileExceptionSet section */
		22E53A492C4A7D7900C33A6D /* PBXFileSystemSynchronizedBuildFileExceptionSet */ = {
			isa = PBXFileSystemSynchronizedBuildFileExceptionSet;
			membershipExceptions = (
				Info.plist,
			);
			target = 22E53A222C4A7D7800C33A6D /* Audible City */;
		};
/* End PBXFileSystemSynchronizedBuildFileExceptionSet section */

/* Begin PBXFileSystemSynchronizedRootGroup section */
		22E53A252C4A7D7800C33A6D /* Audible City */ = {isa = PBXFileSystemSynchronizedRootGroup; exceptions = (22E53A492C4A7D7900C33A6D /* PBXFileSystemSynchronizedBuildFileExceptionSet */, ); explicitFileTypes = {}; explicitFolders = (); path = "Audible City"; sourceTree = "<group>"; };
		22E53A3A2C4A7D7900C33A6D /* Audible CityTests */ = {isa = PBXFileSystemSynchronizedRootGroup; explicitFileTypes = {}; explicitFolders = (); path = "Audible CityTests"; sourceTree = "<group>"; };
		22E53A442C4A7D7900C33A6D /* Audible CityUITests */ = {isa = PBXFileSystemSynchronizedRootGroup; explicitFileTypes = {}; explicitFolders = (); path = "Audible CityUITests"; sourceTree = "<group>"; };
/* End PBXFileSystemSynchronizedRootGroup section */

/* Begin PBXFrameworksBuildPhase section */
		22E53A202C4A7D7800C33A6D /* Frameworks */ = {
			isa = PBXFrameworksBuildPhase;
			buildActionMask = 2147483647;
			files = (
				221650A02C53D6600080CB39 /* Supabase in Frameworks */,
				2288136B2C529B1200E75EAF /* SotoDynamoDB in Frameworks */,
			);
			runOnlyForDeploymentPostprocessing = 0;
		};
		22E53A342C4A7D7900C33A6D /* Frameworks */ = {
			isa = PBXFrameworksBuildPhase;
			buildActionMask = 2147483647;
			files = (
			);
			runOnlyForDeploymentPostprocessing = 0;
		};
		22E53A3E2C4A7D7900C33A6D /* Frameworks */ = {
			isa = PBXFrameworksBuildPhase;
			buildActionMask = 2147483647;
			files = (
			);
			runOnlyForDeploymentPostprocessing = 0;
		};
/* End PBXFrameworksBuildPhase section */

/* Begin PBXGroup section */
		22E53A1A2C4A7D7800C33A6D = {
			isa = PBXGroup;
			children = (
				22E53A252C4A7D7800C33A6D /* Audible City */,
				22E53A3A2C4A7D7900C33A6D /* Audible CityTests */,
				22E53A442C4A7D7900C33A6D /* Audible CityUITests */,
				22E53A242C4A7D7800C33A6D /* Products */,
			);
			sourceTree = "<group>";
		};
		22E53A242C4A7D7800C33A6D /* Products */ = {
			isa = PBXGroup;
			children = (
				22E53A232C4A7D7800C33A6D /* Audible City.app */,
				22E53A372C4A7D7900C33A6D /* Audible CityTests.xctest */,
				22E53A412C4A7D7900C33A6D /* Audible CityUITests.xctest */,
			);
			name = Products;
			sourceTree = "<group>";
		};
/* End PBXGroup section */

/* Begin PBXNativeTarget section */
		22E53A222C4A7D7800C33A6D /* Audible City */ = {
			isa = PBXNativeTarget;
			buildConfigurationList = 22E53A4A2C4A7D7900C33A6D /* Build configuration list for PBXNativeTarget "Audible City" */;
			buildPhases = (
				22E53A1F2C4A7D7800C33A6D /* Sources */,
				22E53A202C4A7D7800C33A6D /* Frameworks */,
				22E53A212C4A7D7800C33A6D /* Resources */,
			);
			buildRules = (
			);
			dependencies = (
			);
			fileSystemSynchronizedGroups = (
				22E53A252C4A7D7800C33A6D /* Audible City */,
			);
			name = "Audible City";
			packageProductDependencies = (
				2288136A2C529B1200E75EAF /* SotoDynamoDB */,
				2216509F2C53D6600080CB39 /* Supabase */,
			);
			productName = "Audible City";
			productReference = 22E53A232C4A7D7800C33A6D /* Audible City.app */;
			productType = "com.apple.product-type.application";
		};
		22E53A362C4A7D7900C33A6D /* Audible CityTests */ = {
			isa = PBXNativeTarget;
			buildConfigurationList = 22E53A4F2C4A7D7900C33A6D /* Build configuration list for PBXNativeTarget "Audible CityTests" */;
			buildPhases = (
				22E53A332C4A7D7900C33A6D /* Sources */,
				22E53A342C4A7D7900C33A6D /* Frameworks */,
				22E53A352C4A7D7900C33A6D /* Resources */,
			);
			buildRules = (
			);
			dependencies = (
				22E53A392C4A7D7900C33A6D /* PBXTargetDependency */,
			);
			fileSystemSynchronizedGroups = (
				22E53A3A2C4A7D7900C33A6D /* Audible CityTests */,
			);
			name = "Audible CityTests";
			packageProductDependencies = (
			);
			productName = "Audible CityTests";
			productReference = 22E53A372C4A7D7900C33A6D /* Audible CityTests.xctest */;
			productType = "com.apple.product-type.bundle.unit-test";
		};
		22E53A402C4A7D7900C33A6D /* Audible CityUITests */ = {
			isa = PBXNativeTarget;
			buildConfigurationList = 22E53A522C4A7D7900C33A6D /* Build configuration list for PBXNativeTarget "Audible CityUITests" */;
			buildPhases = (
				22E53A3D2C4A7D7900C33A6D /* Sources */,
				22E53A3E2C4A7D7900C33A6D /* Frameworks */,
				22E53A3F2C4A7D7900C33A6D /* Resources */,
			);
			buildRules = (
			);
			dependencies = (
				22E53A432C4A7D7900C33A6D /* PBXTargetDependency */,
			);
			fileSystemSynchronizedGroups = (
				22E53A442C4A7D7900C33A6D /* Audible CityUITests */,
			);
			name = "Audible CityUITests";
			packageProductDependencies = (
			);
			productName = "Audible CityUITests";
			productReference = 22E53A412C4A7D7900C33A6D /* Audible CityUITests.xctest */;
			productType = "com.apple.product-type.bundle.ui-testing";
		};
/* End PBXNativeTarget section */

/* Begin PBXProject section */
		22E53A1B2C4A7D7800C33A6D /* Project object */ = {
			isa = PBXProject;
			attributes = {
				BuildIndependentTargetsInParallel = 1;
				LastSwiftUpdateCheck = 1600;
				LastUpgradeCheck = 1600;
				TargetAttributes = {
					22E53A222C4A7D7800C33A6D = {
						CreatedOnToolsVersion = 16.0;
					};
					22E53A362C4A7D7900C33A6D = {
						CreatedOnToolsVersion = 16.0;
						TestTargetID = 22E53A222C4A7D7800C33A6D;
					};
					22E53A402C4A7D7900C33A6D = {
						CreatedOnToolsVersion = 16.0;
						TestTargetID = 22E53A222C4A7D7800C33A6D;
					};
				};
			};
			buildConfigurationList = 22E53A1E2C4A7D7800C33A6D /* Build configuration list for PBXProject "Audible City" */;
			compatibilityVersion = "Xcode 15.0";
			developmentRegion = en;
			hasScannedForEncodings = 0;
			knownRegions = (
				en,
				Base,
			);
			mainGroup = 22E53A1A2C4A7D7800C33A6D;
			packageReferences = (
				228813692C529B1200E75EAF /* XCRemoteSwiftPackageReference "soto" */,
				2216509E2C53D6600080CB39 /* XCRemoteSwiftPackageReference "supabase-swift" */,
			);
			productRefGroup = 22E53A242C4A7D7800C33A6D /* Products */;
			projectDirPath = "";
			projectRoot = "";
			targets = (
				22E53A222C4A7D7800C33A6D /* Audible City */,
				22E53A362C4A7D7900C33A6D /* Audible CityTests */,
				22E53A402C4A7D7900C33A6D /* Audible CityUITests */,
			);
		};
/* End PBXProject section */

/* Begin PBXResourcesBuildPhase section */
		22E53A212C4A7D7800C33A6D /* Resources */ = {
			isa = PBXResourcesBuildPhase;
			buildActionMask = 2147483647;
			files = (
			);
			runOnlyForDeploymentPostprocessing = 0;
		};
		22E53A352C4A7D7900C33A6D /* Resources */ = {
			isa = PBXResourcesBuildPhase;
			buildActionMask = 2147483647;
			files = (
			);
			runOnlyForDeploymentPostprocessing = 0;
		};
		22E53A3F2C4A7D7900C33A6D /* Resources */ = {
			isa = PBXResourcesBuildPhase;
			buildActionMask = 2147483647;
			files = (
			);
			runOnlyForDeploymentPostprocessing = 0;
		};
/* End PBXResourcesBuildPhase section */

/* Begin PBXSourcesBuildPhase section */
		22E53A1F2C4A7D7800C33A6D /* Sources */ = {
			isa = PBXSourcesBuildPhase;
			buildActionMask = 2147483647;
			files = (
			);
			runOnlyForDeploymentPostprocessing = 0;
		};
		22E53A332C4A7D7900C33A6D /* Sources */ = {
			isa = PBXSourcesBuildPhase;
			buildActionMask = 2147483647;
			files = (
			);
			runOnlyForDeploymentPostprocessing = 0;
		};
		22E53A3D2C4A7D7900C33A6D /* Sources */ = {
			isa = PBXSourcesBuildPhase;
			buildActionMask = 2147483647;
			files = (
			);
			runOnlyForDeploymentPostprocessing = 0;
		};
/* End PBXSourcesBuildPhase section */

/* Begin PBXTargetDependency section */
		22E53A392C4A7D7900C33A6D /* PBXTargetDependency */ = {
			isa = PBXTargetDependency;
			target = 22E53A222C4A7D7800C33A6D /* Audible City */;
			targetProxy = 22E53A382C4A7D7900C33A6D /* PBXContainerItemProxy */;
		};
		22E53A432C4A7D7900C33A6D /* PBXTargetDependency */ = {
			isa = PBXTargetDependency;
			target = 22E53A222C4A7D7800C33A6D /* Audible City */;
			targetProxy = 22E53A422C4A7D7900C33A6D /* PBXContainerItemProxy */;
		};
/* End PBXTargetDependency section */

/* Begin XCBuildConfiguration section */
		22E53A4B2C4A7D7900C33A6D /* Debug */ = {
			isa = XCBuildConfiguration;
			buildSettings = {
				ASSETCATALOG_COMPILER_APPICON_NAME = AppIcon;
				ASSETCATALOG_COMPILER_GLOBAL_ACCENT_COLOR_NAME = AccentColor;
				CODE_SIGN_ENTITLEMENTS = "Audible City/Audible_City.entitlements";
				CODE_SIGN_STYLE = Automatic;
				CURRENT_PROJECT_VERSION = 1;
				DEVELOPMENT_ASSET_PATHS = "\"Audible City/Preview Content\"";
				DEVELOPMENT_TEAM = M45ZYB6W6F;
				ENABLE_PREVIEWS = YES;
				GENERATE_INFOPLIST_FILE = YES;
				INFOPLIST_FILE = "Audible City/Info.plist";
				INFOPLIST_KEY_NSLocationAlwaysAndWhenInUseUsageDescription = "This is required to classify audio snippets as you move around your city.";
				INFOPLIST_KEY_NSLocationWhenInUseUsageDescription = "This is required to classify audio snippets as you move around your city.";
				INFOPLIST_KEY_NSMicrophoneUsageDescription = "This is required to classify audio snippets as you move around your city.";
				INFOPLIST_KEY_NSMotionUsageDescription = "This is required to better classify audio snippets for different types of motion as you move around your city.";
				INFOPLIST_KEY_UIApplicationSceneManifest_Generation = YES;
				INFOPLIST_KEY_UIApplicationSupportsIndirectInputEvents = YES;
				INFOPLIST_KEY_UILaunchScreen_Generation = YES;
				INFOPLIST_KEY_UISupportedInterfaceOrientations_iPad = "UIInterfaceOrientationPortrait UIInterfaceOrientationPortraitUpsideDown UIInterfaceOrientationLandscapeLeft UIInterfaceOrientationLandscapeRight";
				INFOPLIST_KEY_UISupportedInterfaceOrientations_iPhone = "UIInterfaceOrientationPortrait UIInterfaceOrientationLandscapeLeft UIInterfaceOrientationLandscapeRight";
				LD_RUNPATH_SEARCH_PATHS = (
					"$(inherited)",
					"@executable_path/Frameworks",
				);
				MARKETING_VERSION = 1.0;
				PRODUCT_BUNDLE_IDENTIFIER = "com.suelio.audible-city";
				PRODUCT_NAME = "$(TARGET_NAME)";
				SWIFT_EMIT_LOC_STRINGS = YES;
				SWIFT_VERSION = 5.0;
				TARGETED_DEVICE_FAMILY = "1,2";
			};
			name = Debug;
		};
		22E53A4C2C4A7D7900C33A6D /* Release */ = {
			isa = XCBuildConfiguration;
			buildSettings = {
				ASSETCATALOG_COMPILER_APPICON_NAME = AppIcon;
				ASSETCATALOG_COMPILER_GLOBAL_ACCENT_COLOR_NAME = AccentColor;
				CODE_SIGN_ENTITLEMENTS = "Audible City/Audible_City.entitlements";
				CODE_SIGN_STYLE = Automatic;
				CURRENT_PROJECT_VERSION = 1;
				DEVELOPMENT_ASSET_PATHS = "\"Audible City/Preview Content\"";
				DEVELOPMENT_TEAM = M45ZYB6W6F;
				ENABLE_PREVIEWS = YES;
				GENERATE_INFOPLIST_FILE = YES;
				INFOPLIST_FILE = "Audible City/Info.plist";
				INFOPLIST_KEY_NSLocationAlwaysAndWhenInUseUsageDescription = "This is required to classify audio snippets as you move around your city.";
				INFOPLIST_KEY_NSLocationWhenInUseUsageDescription = "This is required to classify audio snippets as you move around your city.";
				INFOPLIST_KEY_NSMicrophoneUsageDescription = "This is required to classify audio snippets as you move around your city.";
				INFOPLIST_KEY_NSMotionUsageDescription = "This is required to better classify audio snippets for different types of motion as you move around your city.";
				INFOPLIST_KEY_UIApplicationSceneManifest_Generation = YES;
				INFOPLIST_KEY_UIApplicationSupportsIndirectInputEvents = YES;
				INFOPLIST_KEY_UILaunchScreen_Generation = YES;
				INFOPLIST_KEY_UISupportedInterfaceOrientations_iPad = "UIInterfaceOrientationPortrait UIInterfaceOrientationPortraitUpsideDown UIInterfaceOrientationLandscapeLeft UIInterfaceOrientationLandscapeRight";
				INFOPLIST_KEY_UISupportedInterfaceOrientations_iPhone = "UIInterfaceOrientationPortrait UIInterfaceOrientationLandscapeLeft UIInterfaceOrientationLandscapeRight";
				LD_RUNPATH_SEARCH_PATHS = (
					"$(inherited)",
					"@executable_path/Frameworks",
				);
				MARKETING_VERSION = 1.0;
				PRODUCT_BUNDLE_IDENTIFIER = "com.suelio.audible-city";
				PRODUCT_NAME = "$(TARGET_NAME)";
				SWIFT_EMIT_LOC_STRINGS = YES;
				SWIFT_VERSION = 5.0;
				TARGETED_DEVICE_FAMILY = "1,2";
			};
			name = Release;
		};
		22E53A4D2C4A7D7900C33A6D /* Debug */ = {
			isa = XCBuildConfiguration;
			buildSettings = {
				ALWAYS_SEARCH_USER_PATHS = NO;
				ASSETCATALOG_COMPILER_GENERATE_SWIFT_ASSET_SYMBOL_EXTENSIONS = YES;
				CLANG_ANALYZER_NONNULL = YES;
				CLANG_ANALYZER_NUMBER_OBJECT_CONVERSION = YES_AGGRESSIVE;
				CLANG_CXX_LANGUAGE_STANDARD = "gnu++20";
				CLANG_ENABLE_MODULES = YES;
				CLANG_ENABLE_OBJC_ARC = YES;
				CLANG_ENABLE_OBJC_WEAK = YES;
				CLANG_WARN_BLOCK_CAPTURE_AUTORELEASING = YES;
				CLANG_WARN_BOOL_CONVERSION = YES;
				CLANG_WARN_COMMA = YES;
				CLANG_WARN_CONSTANT_CONVERSION = YES;
				CLANG_WARN_DEPRECATED_OBJC_IMPLEMENTATIONS = YES;
				CLANG_WARN_DIRECT_OBJC_ISA_USAGE = YES_ERROR;
				CLANG_WARN_DOCUMENTATION_COMMENTS = YES;
				CLANG_WARN_EMPTY_BODY = YES;
				CLANG_WARN_ENUM_CONVERSION = YES;
				CLANG_WARN_INFINITE_RECURSION = YES;
				CLANG_WARN_INT_CONVERSION = YES;
				CLANG_WARN_NON_LITERAL_NULL_CONVERSION = YES;
				CLANG_WARN_OBJC_IMPLICIT_RETAIN_SELF = YES;
				CLANG_WARN_OBJC_LITERAL_CONVERSION = YES;
				CLANG_WARN_OBJC_ROOT_CLASS = YES_ERROR;
				CLANG_WARN_QUOTED_INCLUDE_IN_FRAMEWORK_HEADER = YES;
				CLANG_WARN_RANGE_LOOP_ANALYSIS = YES;
				CLANG_WARN_STRICT_PROTOTYPES = YES;
				CLANG_WARN_SUSPICIOUS_MOVE = YES;
				CLANG_WARN_UNGUARDED_AVAILABILITY = YES_AGGRESSIVE;
				CLANG_WARN_UNREACHABLE_CODE = YES;
				CLANG_WARN__DUPLICATE_METHOD_MATCH = YES;
				COPY_PHASE_STRIP = NO;
				DEBUG_INFORMATION_FORMAT = dwarf;
				ENABLE_STRICT_OBJC_MSGSEND = YES;
				ENABLE_TESTABILITY = YES;
				ENABLE_USER_SCRIPT_SANDBOXING = YES;
				GCC_C_LANGUAGE_STANDARD = gnu17;
				GCC_DYNAMIC_NO_PIC = NO;
				GCC_NO_COMMON_BLOCKS = YES;
				GCC_OPTIMIZATION_LEVEL = 0;
				GCC_PREPROCESSOR_DEFINITIONS = (
					"DEBUG=1",
					"$(inherited)",
				);
				GCC_WARN_64_TO_32_BIT_CONVERSION = YES;
				GCC_WARN_ABOUT_RETURN_TYPE = YES_ERROR;
				GCC_WARN_UNDECLARED_SELECTOR = YES;
				GCC_WARN_UNINITIALIZED_AUTOS = YES_AGGRESSIVE;
				GCC_WARN_UNUSED_FUNCTION = YES;
				GCC_WARN_UNUSED_VARIABLE = YES;
				IPHONEOS_DEPLOYMENT_TARGET = 18.0;
				LOCALIZATION_PREFERS_STRING_CATALOGS = YES;
				MTL_ENABLE_DEBUG_INFO = INCLUDE_SOURCE;
				MTL_FAST_MATH = YES;
				ONLY_ACTIVE_ARCH = YES;
				SDKROOT = iphoneos;
				SWIFT_ACTIVE_COMPILATION_CONDITIONS = "DEBUG $(inherited)";
				SWIFT_OPTIMIZATION_LEVEL = "-Onone";
			};
			name = Debug;
		};
		22E53A4E2C4A7D7900C33A6D /* Release */ = {
			isa = XCBuildConfiguration;
			buildSettings = {
				ALWAYS_SEARCH_USER_PATHS = NO;
				ASSETCATALOG_COMPILER_GENERATE_SWIFT_ASSET_SYMBOL_EXTENSIONS = YES;
				CLANG_ANALYZER_NONNULL = YES;
				CLANG_ANALYZER_NUMBER_OBJECT_CONVERSION = YES_AGGRESSIVE;
				CLANG_CXX_LANGUAGE_STANDARD = "gnu++20";
				CLANG_ENABLE_MODULES = YES;
				CLANG_ENABLE_OBJC_ARC = YES;
				CLANG_ENABLE_OBJC_WEAK = YES;
				CLANG_WARN_BLOCK_CAPTURE_AUTORELEASING = YES;
				CLANG_WARN_BOOL_CONVERSION = YES;
				CLANG_WARN_COMMA = YES;
				CLANG_WARN_CONSTANT_CONVERSION = YES;
				CLANG_WARN_DEPRECATED_OBJC_IMPLEMENTATIONS = YES;
				CLANG_WARN_DIRECT_OBJC_ISA_USAGE = YES_ERROR;
				CLANG_WARN_DOCUMENTATION_COMMENTS = YES;
				CLANG_WARN_EMPTY_BODY = YES;
				CLANG_WARN_ENUM_CONVERSION = YES;
				CLANG_WARN_INFINITE_RECURSION = YES;
				CLANG_WARN_INT_CONVERSION = YES;
				CLANG_WARN_NON_LITERAL_NULL_CONVERSION = YES;
				CLANG_WARN_OBJC_IMPLICIT_RETAIN_SELF = YES;
				CLANG_WARN_OBJC_LITERAL_CONVERSION = YES;
				CLANG_WARN_OBJC_ROOT_CLASS = YES_ERROR;
				CLANG_WARN_QUOTED_INCLUDE_IN_FRAMEWORK_HEADER = YES;
				CLANG_WARN_RANGE_LOOP_ANALYSIS = YES;
				CLANG_WARN_STRICT_PROTOTYPES = YES;
				CLANG_WARN_SUSPICIOUS_MOVE = YES;
				CLANG_WARN_UNGUARDED_AVAILABILITY = YES_AGGRESSIVE;
				CLANG_WARN_UNREACHABLE_CODE = YES;
				CLANG_WARN__DUPLICATE_METHOD_MATCH = YES;
				COPY_PHASE_STRIP = NO;
				DEBUG_INFORMATION_FORMAT = "dwarf-with-dsym";
				ENABLE_NS_ASSERTIONS = NO;
				ENABLE_STRICT_OBJC_MSGSEND = YES;
				ENABLE_USER_SCRIPT_SANDBOXING = YES;
				GCC_C_LANGUAGE_STANDARD = gnu17;
				GCC_NO_COMMON_BLOCKS = YES;
				GCC_WARN_64_TO_32_BIT_CONVERSION = YES;
				GCC_WARN_ABOUT_RETURN_TYPE = YES_ERROR;
				GCC_WARN_UNDECLARED_SELECTOR = YES;
				GCC_WARN_UNINITIALIZED_AUTOS = YES_AGGRESSIVE;
				GCC_WARN_UNUSED_FUNCTION = YES;
				GCC_WARN_UNUSED_VARIABLE = YES;
				IPHONEOS_DEPLOYMENT_TARGET = 18.0;
				LOCALIZATION_PREFERS_STRING_CATALOGS = YES;
				MTL_ENABLE_DEBUG_INFO = NO;
				MTL_FAST_MATH = YES;
				SDKROOT = iphoneos;
				SWIFT_COMPILATION_MODE = wholemodule;
				VALIDATE_PRODUCT = YES;
			};
			name = Release;
		};
		22E53A502C4A7D7900C33A6D /* Debug */ = {
			isa = XCBuildConfiguration;
			buildSettings = {
				BUNDLE_LOADER = "$(TEST_HOST)";
				CODE_SIGN_STYLE = Automatic;
				CURRENT_PROJECT_VERSION = 1;
				DEVELOPMENT_TEAM = N466ERUP4U;
				GENERATE_INFOPLIST_FILE = YES;
				IPHONEOS_DEPLOYMENT_TARGET = 18.0;
				MARKETING_VERSION = 1.0;
				PRODUCT_BUNDLE_IDENTIFIER = "org.denizay.Audible-CityTests";
				PRODUCT_NAME = "$(TARGET_NAME)";
				SWIFT_EMIT_LOC_STRINGS = NO;
				SWIFT_VERSION = 5.0;
				TARGETED_DEVICE_FAMILY = "1,2";
				TEST_HOST = "$(BUILT_PRODUCTS_DIR)/Audible City.app/$(BUNDLE_EXECUTABLE_FOLDER_PATH)/Audible City";
			};
			name = Debug;
		};
		22E53A512C4A7D7900C33A6D /* Release */ = {
			isa = XCBuildConfiguration;
			buildSettings = {
				BUNDLE_LOADER = "$(TEST_HOST)";
				CODE_SIGN_STYLE = Automatic;
				CURRENT_PROJECT_VERSION = 1;
				DEVELOPMENT_TEAM = N466ERUP4U;
				GENERATE_INFOPLIST_FILE = YES;
				IPHONEOS_DEPLOYMENT_TARGET = 18.0;
				MARKETING_VERSION = 1.0;
				PRODUCT_BUNDLE_IDENTIFIER = "org.denizay.Audible-CityTests";
				PRODUCT_NAME = "$(TARGET_NAME)";
				SWIFT_EMIT_LOC_STRINGS = NO;
				SWIFT_VERSION = 5.0;
				TARGETED_DEVICE_FAMILY = "1,2";
				TEST_HOST = "$(BUILT_PRODUCTS_DIR)/Audible City.app/$(BUNDLE_EXECUTABLE_FOLDER_PATH)/Audible City";
			};
			name = Release;
		};
		22E53A532C4A7D7900C33A6D /* Debug */ = {
			isa = XCBuildConfiguration;
			buildSettings = {
				CODE_SIGN_STYLE = Automatic;
				CURRENT_PROJECT_VERSION = 1;
				DEVELOPMENT_TEAM = N466ERUP4U;
				GENERATE_INFOPLIST_FILE = YES;
				MARKETING_VERSION = 1.0;
				PRODUCT_BUNDLE_IDENTIFIER = "org.denizay.Audible-CityUITests";
				PRODUCT_NAME = "$(TARGET_NAME)";
				SWIFT_EMIT_LOC_STRINGS = NO;
				SWIFT_VERSION = 5.0;
				TARGETED_DEVICE_FAMILY = "1,2";
				TEST_TARGET_NAME = "Audible City";
			};
			name = Debug;
		};
		22E53A542C4A7D7900C33A6D /* Release */ = {
			isa = XCBuildConfiguration;
			buildSettings = {
				CODE_SIGN_STYLE = Automatic;
				CURRENT_PROJECT_VERSION = 1;
				DEVELOPMENT_TEAM = N466ERUP4U;
				GENERATE_INFOPLIST_FILE = YES;
				MARKETING_VERSION = 1.0;
				PRODUCT_BUNDLE_IDENTIFIER = "org.denizay.Audible-CityUITests";
				PRODUCT_NAME = "$(TARGET_NAME)";
				SWIFT_EMIT_LOC_STRINGS = NO;
				SWIFT_VERSION = 5.0;
				TARGETED_DEVICE_FAMILY = "1,2";
				TEST_TARGET_NAME = "Audible City";
			};
			name = Release;
		};
/* End XCBuildConfiguration section */

/* Begin XCConfigurationList section */
		22E53A1E2C4A7D7800C33A6D /* Build configuration list for PBXProject "Audible City" */ = {
			isa = XCConfigurationList;
			buildConfigurations = (
				22E53A4D2C4A7D7900C33A6D /* Debug */,
				22E53A4E2C4A7D7900C33A6D /* Release */,
			);
			defaultConfigurationIsVisible = 0;
			defaultConfigurationName = Release;
		};
		22E53A4A2C4A7D7900C33A6D /* Build configuration list for PBXNativeTarget "Audible City" */ = {
			isa = XCConfigurationList;
			buildConfigurations = (
				22E53A4B2C4A7D7900C33A6D /* Debug */,
				22E53A4C2C4A7D7900C33A6D /* Release */,
			);
			defaultConfigurationIsVisible = 0;
			defaultConfigurationName = Release;
		};
		22E53A4F2C4A7D7900C33A6D /* Build configuration list for PBXNativeTarget "Audible CityTests" */ = {
			isa = XCConfigurationList;
			buildConfigurations = (
				22E53A502C4A7D7900C33A6D /* Debug */,
				22E53A512C4A7D7900C33A6D /* Release */,
			);
			defaultConfigurationIsVisible = 0;
			defaultConfigurationName = Release;
		};
		22E53A522C4A7D7900C33A6D /* Build configuration list for PBXNativeTarget "Audible CityUITests" */ = {
			isa = XCConfigurationList;
			buildConfigurations = (
				22E53A532C4A7D7900C33A6D /* Debug */,
				22E53A542C4A7D7900C33A6D /* Release */,
			);
			defaultConfigurationIsVisible = 0;
			defaultConfigurationName = Release;
		};
/* End XCConfigurationList section */

/* Begin XCRemoteSwiftPackageReference section */
		2216509E2C53D6600080CB39 /* XCRemoteSwiftPackageReference "supabase-swift" */ = {
			isa = XCRemoteSwiftPackageReference;
			repositoryURL = "https://github.com/supabase/supabase-swift";
			requirement = {
				kind = upToNextMajorVersion;
				minimumVersion = 2.5.1;
			};
		};
		228813692C529B1200E75EAF /* XCRemoteSwiftPackageReference "soto" */ = {
			isa = XCRemoteSwiftPackageReference;
			repositoryURL = "https://github.com/soto-project/soto.git";
			requirement = {
				kind = upToNextMajorVersion;
				minimumVersion = 6.0.0;
			};
		};
/* End XCRemoteSwiftPackageReference section */

/* Begin XCSwiftPackageProductDependency section */
		2216509F2C53D6600080CB39 /* Supabase */ = {
			isa = XCSwiftPackageProductDependency;
			package = 2216509E2C53D6600080CB39 /* XCRemoteSwiftPackageReference "supabase-swift" */;
			productName = Supabase;
		};
		2288136A2C529B1200E75EAF /* SotoDynamoDB */ = {
			isa = XCSwiftPackageProductDependency;
			package = 228813692C529B1200E75EAF /* XCRemoteSwiftPackageReference "soto" */;
			productName = SotoDynamoDB;
		};
/* End XCSwiftPackageProductDependency section */
	};
	rootObject = 22E53A1B2C4A7D7800C33A6D /* Project object */;
}
